
Microsoft Visual Studio Solution File, Format Version 12.00
# Visual Studio Version 17
VisualStudioVersion = 17.8.34511.84
MinimumVisualStudioVersion = 10.0.40219.1
Project("{FAE04EC0-301F-11D3-BF4B-00C04F79EFBC}") = "QuinielaComunitaria", "QuinielaComunitaria.csproj", "{2BBFBD24-E23C-427D-B8C7-60E6D6D0E891}"
EndProject
Global
	GlobalSection(SolutionConfigurationPlatforms) = preSolution
		Debug|Any CPU = Debug|Any CPU
		Release|Any CPU = Release|Any CPU
	EndGlobalSection
	GlobalSection(ProjectConfigurationPlatforms) = postSolution
		{2BBFBD24-E23C-427D-B8C7-60E6D6D0E891}.Debug|Any CPU.ActiveCfg = Debug|Any CPU
		{2BBFBD24-E23C-427D-B8C7-60E6D6D0E891}.Debug|Any CPU.Build.0 = Debug|Any CPU
		{2BBFBD24-E23C-427D-B8C7-60E6D6D0E891}.Debug|Any CPU.Deploy.0 = Debug|Any CPU
		{2BBFBD24-E23C-427D-B8C7-60E6D6D0E891}.Release|Any CPU.ActiveCfg = Release|Any CPU
		{2BBFBD24-E23C-427D-B8C7-60E6D6D0E891}.Release|Any CPU.Build.0 = Release|Any CPU
		{2BBFBD24-E23C-427D-B8C7-60E6D6D0E891}.Release|Any CPU.Deploy.0 = Release|Any CPU
	EndGlobalSection
	GlobalSection(SolutionProperties) = preSolution
		HideSolutionNode = FALSE
	EndGlobalSection
	GlobalSection(ExtensibilityGlobals) = postSolution
		SolutionGuid = {FDC2086C-3352-4000-B553-C98BEC4633B1}
	EndGlobalSection
EndGlobal
